Microsoft Visual Studio Solution File, Format Version 8.00
Project("{8BC9CEB8-8B4A-11D0-8D11-00A0C91BC942}") = "augmar", "augmar.vcproj", "{01150DDF-A141-4B5B-A4FB-81FD65C964C5}"
	ProjectSection(ProjectDependencies) = postProject
	EndProjectSection
EndProject
Project("{8BC9CEB8-8B4A-11D0-8D11-00A0C91BC942}") = "augnet", "augnet.vcproj", "{A6131AD7-FF69-436D-B4D2-0076969FC276}"
	ProjectSection(ProjectDependencies) = postProject
	EndProjectSection
EndProject
Project("{8BC9CEB8-8B4A-11D0-8D11-00A0C91BC942}") = "augsrv", "augsrv.vcproj", "{D71F12D2-E969-4A00-8173-FFA33C1B963E}"
	ProjectSection(ProjectDependencies) = postProject
	EndProjectSection
EndProject
Project("{8BC9CEB8-8B4A-11D0-8D11-00A0C91BC942}") = "augsys", "augsys.vcproj", "{05AC1AD9-2273-4F34-AEC8-F3CBD265FA36}"
	ProjectSection(ProjectDependencies) = postProject
	EndProjectSection
EndProject
Project("{8BC9CEB8-8B4A-11D0-8D11-00A0C91BC942}") = "augutil", "augutil.vcproj", "{63BEF71A-3B15-494E-89B0-3CCDBF48B4E0}"
	ProjectSection(ProjectDependencies) = postProject
	EndProjectSection
EndProject
Project("{8BC9CEB8-8B4A-11D0-8D11-00A0C91BC942}") = "augmarpp", "augmarpp.vcproj", "{B21A518A-F567-4619-9A4F-2FFF73F380BA}"
	ProjectSection(ProjectDependencies) = postProject
	EndProjectSection
EndProject
Project("{8BC9CEB8-8B4A-11D0-8D11-00A0C91BC942}") = "augnetpp", "augnetpp.vcproj", "{D9C66FA8-7D39-4496-AA2A-AA52BF2B7650}"
	ProjectSection(ProjectDependencies) = postProject
	EndProjectSection
EndProject
Project("{8BC9CEB8-8B4A-11D0-8D11-00A0C91BC942}") = "augsrvpp", "augsrvpp.vcproj", "{CEEFFCE1-4011-4637-9ED8-9EE62654A792}"
	ProjectSection(ProjectDependencies) = postProject
	EndProjectSection
EndProject
Project("{8BC9CEB8-8B4A-11D0-8D11-00A0C91BC942}") = "augsyspp", "augsyspp.vcproj", "{15EE05A5-19E3-497A-AFFF-B5AADAF9C49F}"
	ProjectSection(ProjectDependencies) = postProject
	EndProjectSection
EndProject
Project("{8BC9CEB8-8B4A-11D0-8D11-00A0C91BC942}") = "augutilpp", "augutilpp.vcproj", "{91B6CDD3-4C09-428D-BBC8-09FCC9A4AAC4}"
	ProjectSection(ProjectDependencies) = postProject
	EndProjectSection
EndProject
Project("{8BC9CEB8-8B4A-11D0-8D11-00A0C91BC942}") = "daug", "daug.vcproj", "{E905FF28-F95F-4125-B153-C67B96CD0C65}"
	ProjectSection(ProjectDependencies) = postProject
	EndProjectSection
EndProject
Project("{8BC9CEB8-8B4A-11D0-8D11-00A0C91BC942}") = "augpy", "augpy.vcproj", "{B44E153E-2BED-4EFE-9DA5-2B6E93C46835}"
	ProjectSection(ProjectDependencies) = postProject
	EndProjectSection
EndProject
Project("{54435603-DBB4-11D2-8724-00A0C9A8B90C}") = "setup", "setup.vdproj", "{97C445E8-0294-4624-BC15-5FB6DF76439A}"
	ProjectSection(ProjectDependencies) = postProject
		{00693485-BCE3-4FCA-910E-3D2A2099F756} = {00693485-BCE3-4FCA-910E-3D2A2099F756}
		{B21A518A-F567-4619-9A4F-2FFF73F380BA} = {B21A518A-F567-4619-9A4F-2FFF73F380BA}
		{15EE05A5-19E3-497A-AFFF-B5AADAF9C49F} = {15EE05A5-19E3-497A-AFFF-B5AADAF9C49F}
		{D9C66FA8-7D39-4496-AA2A-AA52BF2B7650} = {D9C66FA8-7D39-4496-AA2A-AA52BF2B7650}
		{91B6CDD3-4C09-428D-BBC8-09FCC9A4AAC4} = {91B6CDD3-4C09-428D-BBC8-09FCC9A4AAC4}
		{CEEFFCE1-4011-4637-9ED8-9EE62654A792} = {CEEFFCE1-4011-4637-9ED8-9EE62654A792}
	EndProjectSection
EndProject
Project("{8BC9CEB8-8B4A-11D0-8D11-00A0C91BC942}") = "client", "client.vcproj", "{2C3E2C18-8F1E-4D40-8B8A-53B442EE2539}"
	ProjectSection(ProjectDependencies) = postProject
	EndProjectSection
EndProject
Project("{8BC9CEB8-8B4A-11D0-8D11-00A0C91BC942}") = "server", "server.vcproj", "{D29B4A1B-FFCD-464D-B2AD-010A9536E58D}"
	ProjectSection(ProjectDependencies) = postProject
	EndProjectSection
EndProject
Project("{8BC9CEB8-8B4A-11D0-8D11-00A0C91BC942}") = "minimal", "minimal.vcproj", "{E980D9AD-ACCD-4D21-A2E1-24E00913F725}"
	ProjectSection(ProjectDependencies) = postProject
	EndProjectSection
EndProject
Project("{8BC9CEB8-8B4A-11D0-8D11-00A0C91BC942}") = "sched", "sched.vcproj", "{FE74FB7E-310F-4636-9BAE-BE543CACBF21}"
	ProjectSection(ProjectDependencies) = postProject
	EndProjectSection
EndProject
Project("{8BC9CEB8-8B4A-11D0-8D11-00A0C91BC942}") = "http", "http.vcproj", "{92F25AEF-8262-45A5-9181-FADF6170743C}"
	ProjectSection(ProjectDependencies) = postProject
	EndProjectSection
EndProject
Project("{8BC9CEB8-8B4A-11D0-8D11-00A0C91BC942}") = "augaspp", "augaspp.vcproj", "{D9FAFBA4-1C9B-4341-823F-8D7A750E03C8}"
	ProjectSection(ProjectDependencies) = postProject
	EndProjectSection
EndProject
Project("{8BC9CEB8-8B4A-11D0-8D11-00A0C91BC942}") = "augrb", "augrb.vcproj", "{AB4EA74B-84B3-4ED6-88FA-49151967A19D}"
	ProjectSection(ProjectDependencies) = postProject
	EndProjectSection
EndProject
Project("{8BC9CEB8-8B4A-11D0-8D11-00A0C91BC942}") = "mar", "mar.vcproj", "{22A8F7F6-45D1-4C8B-BABC-999CFD177520}"
	ProjectSection(ProjectDependencies) = postProject
	EndProjectSection
EndProject
Project("{8BC9CEB8-8B4A-11D0-8D11-00A0C91BC942}") = "htdigest", "htdigest.vcproj", "{739652B6-6DE1-4EFE-BA3F-1675B801218F}"
	ProjectSection(ProjectDependencies) = postProject
	EndProjectSection
EndProject
Project("{8BC9CEB8-8B4A-11D0-8D11-00A0C91BC942}") = "command", "command.vcproj", "{00693485-BCE3-4FCA-910E-3D2A2099F756}"
	ProjectSection(ProjectDependencies) = postProject
	EndProjectSection
EndProject
Project("{8BC9CEB8-8B4A-11D0-8D11-00A0C91BC942}") = "augctx", "augctx.vcproj", "{BD1B38D0-918A-43C1-8A14-B3C334B8F1DA}"
	ProjectSection(ProjectDependencies) = postProject
	EndProjectSection
EndProject
Project("{8BC9CEB8-8B4A-11D0-8D11-00A0C91BC942}") = "example", "example.vcproj", "{AD58749B-0EB1-437E-91DF-1E8AE52605B4}"
	ProjectSection(ProjectDependencies) = postProject
	EndProjectSection
EndProject
Global
	GlobalSection(SolutionConfiguration) = preSolution
		Debug = Debug
		Release = Release
	EndGlobalSection
	GlobalSection(ProjectConfiguration) = postSolution
		{01150DDF-A141-4B5B-A4FB-81FD65C964C5}.Debug.ActiveCfg = Debug|Win32
		{01150DDF-A141-4B5B-A4FB-81FD65C964C5}.Debug.Build.0 = Debug|Win32
		{01150DDF-A141-4B5B-A4FB-81FD65C964C5}.Release.ActiveCfg = Release|Win32
		{01150DDF-A141-4B5B-A4FB-81FD65C964C5}.Release.Build.0 = Release|Win32
		{A6131AD7-FF69-436D-B4D2-0076969FC276}.Debug.ActiveCfg = Debug|Win32
		{A6131AD7-FF69-436D-B4D2-0076969FC276}.Debug.Build.0 = Debug|Win32
		{A6131AD7-FF69-436D-B4D2-0076969FC276}.Release.ActiveCfg = Release|Win32
		{A6131AD7-FF69-436D-B4D2-0076969FC276}.Release.Build.0 = Release|Win32
		{D71F12D2-E969-4A00-8173-FFA33C1B963E}.Debug.ActiveCfg = Debug|Win32
		{D71F12D2-E969-4A00-8173-FFA33C1B963E}.Debug.Build.0 = Debug|Win32
		{D71F12D2-E969-4A00-8173-FFA33C1B963E}.Release.ActiveCfg = Release|Win32
		{D71F12D2-E969-4A00-8173-FFA33C1B963E}.Release.Build.0 = Release|Win32
		{05AC1AD9-2273-4F34-AEC8-F3CBD265FA36}.Debug.ActiveCfg = Debug|Win32
		{05AC1AD9-2273-4F34-AEC8-F3CBD265FA36}.Debug.Build.0 = Debug|Win32
		{05AC1AD9-2273-4F34-AEC8-F3CBD265FA36}.Release.ActiveCfg = Release|Win32
		{05AC1AD9-2273-4F34-AEC8-F3CBD265FA36}.Release.Build.0 = Release|Win32
		{63BEF71A-3B15-494E-89B0-3CCDBF48B4E0}.Debug.ActiveCfg = Debug|Win32
		{63BEF71A-3B15-494E-89B0-3CCDBF48B4E0}.Debug.Build.0 = Debug|Win32
		{63BEF71A-3B15-494E-89B0-3CCDBF48B4E0}.Release.ActiveCfg = Release|Win32
		{63BEF71A-3B15-494E-89B0-3CCDBF48B4E0}.Release.Build.0 = Release|Win32
		{B21A518A-F567-4619-9A4F-2FFF73F380BA}.Debug.ActiveCfg = Debug|Win32
		{B21A518A-F567-4619-9A4F-2FFF73F380BA}.Debug.Build.0 = Debug|Win32
		{B21A518A-F567-4619-9A4F-2FFF73F380BA}.Release.ActiveCfg = Release|Win32
		{B21A518A-F567-4619-9A4F-2FFF73F380BA}.Release.Build.0 = Release|Win32
		{D9C66FA8-7D39-4496-AA2A-AA52BF2B7650}.Debug.ActiveCfg = Debug|Win32
		{D9C66FA8-7D39-4496-AA2A-AA52BF2B7650}.Debug.Build.0 = Debug|Win32
		{D9C66FA8-7D39-4496-AA2A-AA52BF2B7650}.Release.ActiveCfg = Release|Win32
		{D9C66FA8-7D39-4496-AA2A-AA52BF2B7650}.Release.Build.0 = Release|Win32
		{CEEFFCE1-4011-4637-9ED8-9EE62654A792}.Debug.ActiveCfg = Debug|Win32
		{CEEFFCE1-4011-4637-9ED8-9EE62654A792}.Debug.Build.0 = Debug|Win32
		{CEEFFCE1-4011-4637-9ED8-9EE62654A792}.Release.ActiveCfg = Release|Win32
		{CEEFFCE1-4011-4637-9ED8-9EE62654A792}.Release.Build.0 = Release|Win32
		{15EE05A5-19E3-497A-AFFF-B5AADAF9C49F}.Debug.ActiveCfg = Debug|Win32
		{15EE05A5-19E3-497A-AFFF-B5AADAF9C49F}.Debug.Build.0 = Debug|Win32
		{15EE05A5-19E3-497A-AFFF-B5AADAF9C49F}.Release.ActiveCfg = Release|Win32
		{15EE05A5-19E3-497A-AFFF-B5AADAF9C49F}.Release.Build.0 = Release|Win32
		{91B6CDD3-4C09-428D-BBC8-09FCC9A4AAC4}.Debug.ActiveCfg = Debug|Win32
		{91B6CDD3-4C09-428D-BBC8-09FCC9A4AAC4}.Debug.Build.0 = Debug|Win32
		{91B6CDD3-4C09-428D-BBC8-09FCC9A4AAC4}.Release.ActiveCfg = Release|Win32
		{91B6CDD3-4C09-428D-BBC8-09FCC9A4AAC4}.Release.Build.0 = Release|Win32
		{E905FF28-F95F-4125-B153-C67B96CD0C65}.Debug.ActiveCfg = Debug|Win32
		{E905FF28-F95F-4125-B153-C67B96CD0C65}.Debug.Build.0 = Debug|Win32
		{E905FF28-F95F-4125-B153-C67B96CD0C65}.Release.ActiveCfg = Release|Win32
		{E905FF28-F95F-4125-B153-C67B96CD0C65}.Release.Build.0 = Release|Win32
		{B44E153E-2BED-4EFE-9DA5-2B6E93C46835}.Debug.ActiveCfg = Debug|Win32
		{B44E153E-2BED-4EFE-9DA5-2B6E93C46835}.Debug.Build.0 = Debug|Win32
		{B44E153E-2BED-4EFE-9DA5-2B6E93C46835}.Release.ActiveCfg = Release|Win32
		{B44E153E-2BED-4EFE-9DA5-2B6E93C46835}.Release.Build.0 = Release|Win32
		{97C445E8-0294-4624-BC15-5FB6DF76439A}.Debug.ActiveCfg = Debug
		{97C445E8-0294-4624-BC15-5FB6DF76439A}.Release.ActiveCfg = Release
		{97C445E8-0294-4624-BC15-5FB6DF76439A}.Release.Build.0 = Release
		{2C3E2C18-8F1E-4D40-8B8A-53B442EE2539}.Debug.ActiveCfg = Debug|Win32
		{2C3E2C18-8F1E-4D40-8B8A-53B442EE2539}.Debug.Build.0 = Debug|Win32
		{2C3E2C18-8F1E-4D40-8B8A-53B442EE2539}.Release.ActiveCfg = Release|Win32
		{2C3E2C18-8F1E-4D40-8B8A-53B442EE2539}.Release.Build.0 = Release|Win32
		{D29B4A1B-FFCD-464D-B2AD-010A9536E58D}.Debug.ActiveCfg = Debug|Win32
		{D29B4A1B-FFCD-464D-B2AD-010A9536E58D}.Debug.Build.0 = Debug|Win32
		{D29B4A1B-FFCD-464D-B2AD-010A9536E58D}.Release.ActiveCfg = Release|Win32
		{D29B4A1B-FFCD-464D-B2AD-010A9536E58D}.Release.Build.0 = Release|Win32
		{E980D9AD-ACCD-4D21-A2E1-24E00913F725}.Debug.ActiveCfg = Debug|Win32
		{E980D9AD-ACCD-4D21-A2E1-24E00913F725}.Debug.Build.0 = Debug|Win32
		{E980D9AD-ACCD-4D21-A2E1-24E00913F725}.Release.ActiveCfg = Release|Win32
		{E980D9AD-ACCD-4D21-A2E1-24E00913F725}.Release.Build.0 = Release|Win32
		{FE74FB7E-310F-4636-9BAE-BE543CACBF21}.Debug.ActiveCfg = Debug|Win32
		{FE74FB7E-310F-4636-9BAE-BE543CACBF21}.Debug.Build.0 = Debug|Win32
		{FE74FB7E-310F-4636-9BAE-BE543CACBF21}.Release.ActiveCfg = Release|Win32
		{FE74FB7E-310F-4636-9BAE-BE543CACBF21}.Release.Build.0 = Release|Win32
		{92F25AEF-8262-45A5-9181-FADF6170743C}.Debug.ActiveCfg = Debug|Win32
		{92F25AEF-8262-45A5-9181-FADF6170743C}.Debug.Build.0 = Debug|Win32
		{92F25AEF-8262-45A5-9181-FADF6170743C}.Release.ActiveCfg = Release|Win32
		{92F25AEF-8262-45A5-9181-FADF6170743C}.Release.Build.0 = Release|Win32
		{D9FAFBA4-1C9B-4341-823F-8D7A750E03C8}.Debug.ActiveCfg = Debug|Win32
		{D9FAFBA4-1C9B-4341-823F-8D7A750E03C8}.Debug.Build.0 = Debug|Win32
		{D9FAFBA4-1C9B-4341-823F-8D7A750E03C8}.Release.ActiveCfg = Release|Win32
		{D9FAFBA4-1C9B-4341-823F-8D7A750E03C8}.Release.Build.0 = Release|Win32
		{AB4EA74B-84B3-4ED6-88FA-49151967A19D}.Debug.ActiveCfg = Debug|Win32
		{AB4EA74B-84B3-4ED6-88FA-49151967A19D}.Debug.Build.0 = Debug|Win32
		{AB4EA74B-84B3-4ED6-88FA-49151967A19D}.Release.ActiveCfg = Release|Win32
		{AB4EA74B-84B3-4ED6-88FA-49151967A19D}.Release.Build.0 = Release|Win32
		{22A8F7F6-45D1-4C8B-BABC-999CFD177520}.Debug.ActiveCfg = Debug|Win32
		{22A8F7F6-45D1-4C8B-BABC-999CFD177520}.Debug.Build.0 = Debug|Win32
		{22A8F7F6-45D1-4C8B-BABC-999CFD177520}.Release.ActiveCfg = Release|Win32
		{22A8F7F6-45D1-4C8B-BABC-999CFD177520}.Release.Build.0 = Release|Win32
		{739652B6-6DE1-4EFE-BA3F-1675B801218F}.Debug.ActiveCfg = Debug|Win32
		{739652B6-6DE1-4EFE-BA3F-1675B801218F}.Debug.Build.0 = Debug|Win32
		{739652B6-6DE1-4EFE-BA3F-1675B801218F}.Release.ActiveCfg = Release|Win32
		{739652B6-6DE1-4EFE-BA3F-1675B801218F}.Release.Build.0 = Release|Win32
		{00693485-BCE3-4FCA-910E-3D2A2099F756}.Debug.ActiveCfg = Debug|Win32
		{00693485-BCE3-4FCA-910E-3D2A2099F756}.Debug.Build.0 = Debug|Win32
		{00693485-BCE3-4FCA-910E-3D2A2099F756}.Release.ActiveCfg = Release|Win32
		{00693485-BCE3-4FCA-910E-3D2A2099F756}.Release.Build.0 = Release|Win32
		{BD1B38D0-918A-43C1-8A14-B3C334B8F1DA}.Debug.ActiveCfg = Debug|Win32
		{BD1B38D0-918A-43C1-8A14-B3C334B8F1DA}.Debug.Build.0 = Debug|Win32
		{BD1B38D0-918A-43C1-8A14-B3C334B8F1DA}.Release.ActiveCfg = Release|Win32
		{BD1B38D0-918A-43C1-8A14-B3C334B8F1DA}.Release.Build.0 = Release|Win32
		{AD58749B-0EB1-437E-91DF-1E8AE52605B4}.Debug.ActiveCfg = Debug|Win32
		{AD58749B-0EB1-437E-91DF-1E8AE52605B4}.Debug.Build.0 = Debug|Win32
		{AD58749B-0EB1-437E-91DF-1E8AE52605B4}.Release.ActiveCfg = Release|Win32
		{AD58749B-0EB1-437E-91DF-1E8AE52605B4}.Release.Build.0 = Release|Win32
	EndGlobalSection
	GlobalSection(ExtensibilityGlobals) = postSolution
	EndGlobalSection
	GlobalSection(ExtensibilityAddIns) = postSolution
	EndGlobalSection
EndGlobal
