Microsoft Visual Studio Solution File, Format Version 10.00
# Visual C++ Express 2008
Project("{8BC9CEB8-8B4A-11D0-8D11-00A0C91BC942}") = "augmar", "augmar.vcproj", "{01150DDF-A141-4B5B-A4FB-81FD65C964C5}"
EndProject
Project("{8BC9CEB8-8B4A-11D0-8D11-00A0C91BC942}") = "augnet", "augnet.vcproj", "{A6131AD7-FF69-436D-B4D2-0076969FC276}"
EndProject
Project("{8BC9CEB8-8B4A-11D0-8D11-00A0C91BC942}") = "augserv", "augserv.vcproj", "{D71F12D2-E969-4A00-8173-FFA33C1B963E}"
EndProject
Project("{8BC9CEB8-8B4A-11D0-8D11-00A0C91BC942}") = "augsys", "augsys.vcproj", "{05AC1AD9-2273-4F34-AEC8-F3CBD265FA36}"
EndProject
Project("{8BC9CEB8-8B4A-11D0-8D11-00A0C91BC942}") = "augutil", "augutil.vcproj", "{63BEF71A-3B15-494E-89B0-3CCDBF48B4E0}"
EndProject
Project("{8BC9CEB8-8B4A-11D0-8D11-00A0C91BC942}") = "augmarpp", "augmarpp.vcproj", "{B21A518A-F567-4619-9A4F-2FFF73F380BA}"
EndProject
Project("{8BC9CEB8-8B4A-11D0-8D11-00A0C91BC942}") = "augnetpp", "augnetpp.vcproj", "{D9C66FA8-7D39-4496-AA2A-AA52BF2B7650}"
EndProject
Project("{8BC9CEB8-8B4A-11D0-8D11-00A0C91BC942}") = "augservpp", "augservpp.vcproj", "{CEEFFCE1-4011-4637-9ED8-9EE62654A792}"
EndProject
Project("{8BC9CEB8-8B4A-11D0-8D11-00A0C91BC942}") = "augsyspp", "augsyspp.vcproj", "{15EE05A5-19E3-497A-AFFF-B5AADAF9C49F}"
EndProject
Project("{8BC9CEB8-8B4A-11D0-8D11-00A0C91BC942}") = "augutilpp", "augutilpp.vcproj", "{91B6CDD3-4C09-428D-BBC8-09FCC9A4AAC4}"
EndProject
Project("{8BC9CEB8-8B4A-11D0-8D11-00A0C91BC942}") = "augd", "augd.vcproj", "{E905FF28-F95F-4125-B153-C67B96CD0C65}"
EndProject
Project("{8BC9CEB8-8B4A-11D0-8D11-00A0C91BC942}") = "augpy", "augpy.vcproj", "{B44E153E-2BED-4EFE-9DA5-2B6E93C46835}"
EndProject
Project("{8BC9CEB8-8B4A-11D0-8D11-00A0C91BC942}") = "client", "client.vcproj", "{2C3E2C18-8F1E-4D40-8B8A-53B442EE2539}"
EndProject
Project("{8BC9CEB8-8B4A-11D0-8D11-00A0C91BC942}") = "server", "server.vcproj", "{D29B4A1B-FFCD-464D-B2AD-010A9536E58D}"
EndProject
Project("{8BC9CEB8-8B4A-11D0-8D11-00A0C91BC942}") = "minimal", "minimal.vcproj", "{E980D9AD-ACCD-4D21-A2E1-24E00913F725}"
EndProject
Project("{8BC9CEB8-8B4A-11D0-8D11-00A0C91BC942}") = "sched", "sched.vcproj", "{FE74FB7E-310F-4636-9BAE-BE543CACBF21}"
EndProject
Project("{8BC9CEB8-8B4A-11D0-8D11-00A0C91BC942}") = "aught", "aught.vcproj", "{92F25AEF-8262-45A5-9181-FADF6170743C}"
EndProject
Project("{8BC9CEB8-8B4A-11D0-8D11-00A0C91BC942}") = "augaspp", "augaspp.vcproj", "{D9FAFBA4-1C9B-4341-823F-8D7A750E03C8}"
EndProject
Project("{8BC9CEB8-8B4A-11D0-8D11-00A0C91BC942}") = "augrb", "augrb.vcproj", "{AB4EA74B-84B3-4ED6-88FA-49151967A19D}"
EndProject
Project("{8BC9CEB8-8B4A-11D0-8D11-00A0C91BC942}") = "mar", "mar.vcproj", "{22A8F7F6-45D1-4C8B-BABC-999CFD177520}"
EndProject
Project("{8BC9CEB8-8B4A-11D0-8D11-00A0C91BC942}") = "htdigest", "htdigest.vcproj", "{739652B6-6DE1-4EFE-BA3F-1675B801218F}"
EndProject
Project("{8BC9CEB8-8B4A-11D0-8D11-00A0C91BC942}") = "command", "command.vcproj", "{00693485-BCE3-4FCA-910E-3D2A2099F756}"
EndProject
Project("{8BC9CEB8-8B4A-11D0-8D11-00A0C91BC942}") = "augctx", "augctx.vcproj", "{BD1B38D0-918A-43C1-8A14-B3C334B8F1DA}"
EndProject
Project("{8BC9CEB8-8B4A-11D0-8D11-00A0C91BC942}") = "example", "example.vcproj", "{AD58749B-0EB1-437E-91DF-1E8AE52605B4}"
EndProject
Project("{8BC9CEB8-8B4A-11D0-8D11-00A0C91BC942}") = "augctxpp", "augctxpp.vcproj", "{64616778-30EA-4A2B-AA35-AFE13F2E47AD}"
EndProject
Project("{8BC9CEB8-8B4A-11D0-8D11-00A0C91BC942}") = "augres", "augres.vcproj", "{62E04EFE-0599-4441-B01D-F4CA9328386F}"
EndProject
Project("{8BC9CEB8-8B4A-11D0-8D11-00A0C91BC942}") = "augarcpp", "augarcpp.vcproj", "{8DFF25C5-503A-46B3-BDCD-C100E58F96C5}"
EndProject
Project("{8BC9CEB8-8B4A-11D0-8D11-00A0C91BC942}") = "augarc", "augarc.vcproj", "{5F61ED77-5C3A-43F0-8BC8-1A84DB703822}"
EndProject
Global
	GlobalSection(SolutionConfigurationPlatforms) = preSolution
		Debug|Win32 = Debug|Win32
		Release|Win32 = Release|Win32
	EndGlobalSection
	GlobalSection(ProjectConfigurationPlatforms) = postSolution
		{01150DDF-A141-4B5B-A4FB-81FD65C964C5}.Debug|Win32.ActiveCfg = Debug|Win32
		{01150DDF-A141-4B5B-A4FB-81FD65C964C5}.Debug|Win32.Build.0 = Debug|Win32
		{01150DDF-A141-4B5B-A4FB-81FD65C964C5}.Release|Win32.ActiveCfg = Release|Win32
		{01150DDF-A141-4B5B-A4FB-81FD65C964C5}.Release|Win32.Build.0 = Release|Win32
		{A6131AD7-FF69-436D-B4D2-0076969FC276}.Debug|Win32.ActiveCfg = Debug|Win32
		{A6131AD7-FF69-436D-B4D2-0076969FC276}.Debug|Win32.Build.0 = Debug|Win32
		{A6131AD7-FF69-436D-B4D2-0076969FC276}.Release|Win32.ActiveCfg = Release|Win32
		{A6131AD7-FF69-436D-B4D2-0076969FC276}.Release|Win32.Build.0 = Release|Win32
		{D71F12D2-E969-4A00-8173-FFA33C1B963E}.Debug|Win32.ActiveCfg = Debug|Win32
		{D71F12D2-E969-4A00-8173-FFA33C1B963E}.Debug|Win32.Build.0 = Debug|Win32
		{D71F12D2-E969-4A00-8173-FFA33C1B963E}.Release|Win32.ActiveCfg = Release|Win32
		{D71F12D2-E969-4A00-8173-FFA33C1B963E}.Release|Win32.Build.0 = Release|Win32
		{05AC1AD9-2273-4F34-AEC8-F3CBD265FA36}.Debug|Win32.ActiveCfg = Debug|Win32
		{05AC1AD9-2273-4F34-AEC8-F3CBD265FA36}.Debug|Win32.Build.0 = Debug|Win32
		{05AC1AD9-2273-4F34-AEC8-F3CBD265FA36}.Release|Win32.ActiveCfg = Release|Win32
		{05AC1AD9-2273-4F34-AEC8-F3CBD265FA36}.Release|Win32.Build.0 = Release|Win32
		{63BEF71A-3B15-494E-89B0-3CCDBF48B4E0}.Debug|Win32.ActiveCfg = Debug|Win32
		{63BEF71A-3B15-494E-89B0-3CCDBF48B4E0}.Debug|Win32.Build.0 = Debug|Win32
		{63BEF71A-3B15-494E-89B0-3CCDBF48B4E0}.Release|Win32.ActiveCfg = Release|Win32
		{63BEF71A-3B15-494E-89B0-3CCDBF48B4E0}.Release|Win32.Build.0 = Release|Win32
		{B21A518A-F567-4619-9A4F-2FFF73F380BA}.Debug|Win32.ActiveCfg = Debug|Win32
		{B21A518A-F567-4619-9A4F-2FFF73F380BA}.Debug|Win32.Build.0 = Debug|Win32
		{B21A518A-F567-4619-9A4F-2FFF73F380BA}.Release|Win32.ActiveCfg = Release|Win32
		{B21A518A-F567-4619-9A4F-2FFF73F380BA}.Release|Win32.Build.0 = Release|Win32
		{D9C66FA8-7D39-4496-AA2A-AA52BF2B7650}.Debug|Win32.ActiveCfg = Debug|Win32
		{D9C66FA8-7D39-4496-AA2A-AA52BF2B7650}.Debug|Win32.Build.0 = Debug|Win32
		{D9C66FA8-7D39-4496-AA2A-AA52BF2B7650}.Release|Win32.ActiveCfg = Release|Win32
		{D9C66FA8-7D39-4496-AA2A-AA52BF2B7650}.Release|Win32.Build.0 = Release|Win32
		{CEEFFCE1-4011-4637-9ED8-9EE62654A792}.Debug|Win32.ActiveCfg = Debug|Win32
		{CEEFFCE1-4011-4637-9ED8-9EE62654A792}.Debug|Win32.Build.0 = Debug|Win32
		{CEEFFCE1-4011-4637-9ED8-9EE62654A792}.Release|Win32.ActiveCfg = Release|Win32
		{CEEFFCE1-4011-4637-9ED8-9EE62654A792}.Release|Win32.Build.0 = Release|Win32
		{15EE05A5-19E3-497A-AFFF-B5AADAF9C49F}.Debug|Win32.ActiveCfg = Debug|Win32
		{15EE05A5-19E3-497A-AFFF-B5AADAF9C49F}.Debug|Win32.Build.0 = Debug|Win32
		{15EE05A5-19E3-497A-AFFF-B5AADAF9C49F}.Release|Win32.ActiveCfg = Release|Win32
		{15EE05A5-19E3-497A-AFFF-B5AADAF9C49F}.Release|Win32.Build.0 = Release|Win32
		{91B6CDD3-4C09-428D-BBC8-09FCC9A4AAC4}.Debug|Win32.ActiveCfg = Debug|Win32
		{91B6CDD3-4C09-428D-BBC8-09FCC9A4AAC4}.Debug|Win32.Build.0 = Debug|Win32
		{91B6CDD3-4C09-428D-BBC8-09FCC9A4AAC4}.Release|Win32.ActiveCfg = Release|Win32
		{91B6CDD3-4C09-428D-BBC8-09FCC9A4AAC4}.Release|Win32.Build.0 = Release|Win32
		{E905FF28-F95F-4125-B153-C67B96CD0C65}.Debug|Win32.ActiveCfg = Debug|Win32
		{E905FF28-F95F-4125-B153-C67B96CD0C65}.Debug|Win32.Build.0 = Debug|Win32
		{E905FF28-F95F-4125-B153-C67B96CD0C65}.Release|Win32.ActiveCfg = Release|Win32
		{E905FF28-F95F-4125-B153-C67B96CD0C65}.Release|Win32.Build.0 = Release|Win32
		{B44E153E-2BED-4EFE-9DA5-2B6E93C46835}.Debug|Win32.ActiveCfg = Debug|Win32
		{B44E153E-2BED-4EFE-9DA5-2B6E93C46835}.Debug|Win32.Build.0 = Debug|Win32
		{B44E153E-2BED-4EFE-9DA5-2B6E93C46835}.Release|Win32.ActiveCfg = Release|Win32
		{B44E153E-2BED-4EFE-9DA5-2B6E93C46835}.Release|Win32.Build.0 = Release|Win32
		{2C3E2C18-8F1E-4D40-8B8A-53B442EE2539}.Debug|Win32.ActiveCfg = Debug|Win32
		{2C3E2C18-8F1E-4D40-8B8A-53B442EE2539}.Debug|Win32.Build.0 = Debug|Win32
		{2C3E2C18-8F1E-4D40-8B8A-53B442EE2539}.Release|Win32.ActiveCfg = Release|Win32
		{2C3E2C18-8F1E-4D40-8B8A-53B442EE2539}.Release|Win32.Build.0 = Release|Win32
		{D29B4A1B-FFCD-464D-B2AD-010A9536E58D}.Debug|Win32.ActiveCfg = Debug|Win32
		{D29B4A1B-FFCD-464D-B2AD-010A9536E58D}.Debug|Win32.Build.0 = Debug|Win32
		{D29B4A1B-FFCD-464D-B2AD-010A9536E58D}.Release|Win32.ActiveCfg = Release|Win32
		{D29B4A1B-FFCD-464D-B2AD-010A9536E58D}.Release|Win32.Build.0 = Release|Win32
		{E980D9AD-ACCD-4D21-A2E1-24E00913F725}.Debug|Win32.ActiveCfg = Debug|Win32
		{E980D9AD-ACCD-4D21-A2E1-24E00913F725}.Debug|Win32.Build.0 = Debug|Win32
		{E980D9AD-ACCD-4D21-A2E1-24E00913F725}.Release|Win32.ActiveCfg = Release|Win32
		{E980D9AD-ACCD-4D21-A2E1-24E00913F725}.Release|Win32.Build.0 = Release|Win32
		{FE74FB7E-310F-4636-9BAE-BE543CACBF21}.Debug|Win32.ActiveCfg = Debug|Win32
		{FE74FB7E-310F-4636-9BAE-BE543CACBF21}.Debug|Win32.Build.0 = Debug|Win32
		{FE74FB7E-310F-4636-9BAE-BE543CACBF21}.Release|Win32.ActiveCfg = Release|Win32
		{FE74FB7E-310F-4636-9BAE-BE543CACBF21}.Release|Win32.Build.0 = Release|Win32
		{92F25AEF-8262-45A5-9181-FADF6170743C}.Debug|Win32.ActiveCfg = Debug|Win32
		{92F25AEF-8262-45A5-9181-FADF6170743C}.Debug|Win32.Build.0 = Debug|Win32
		{92F25AEF-8262-45A5-9181-FADF6170743C}.Release|Win32.ActiveCfg = Release|Win32
		{92F25AEF-8262-45A5-9181-FADF6170743C}.Release|Win32.Build.0 = Release|Win32
		{D9FAFBA4-1C9B-4341-823F-8D7A750E03C8}.Debug|Win32.ActiveCfg = Debug|Win32
		{D9FAFBA4-1C9B-4341-823F-8D7A750E03C8}.Debug|Win32.Build.0 = Debug|Win32
		{D9FAFBA4-1C9B-4341-823F-8D7A750E03C8}.Release|Win32.ActiveCfg = Release|Win32
		{D9FAFBA4-1C9B-4341-823F-8D7A750E03C8}.Release|Win32.Build.0 = Release|Win32
		{AB4EA74B-84B3-4ED6-88FA-49151967A19D}.Debug|Win32.ActiveCfg = Debug|Win32
		{AB4EA74B-84B3-4ED6-88FA-49151967A19D}.Debug|Win32.Build.0 = Debug|Win32
		{AB4EA74B-84B3-4ED6-88FA-49151967A19D}.Release|Win32.ActiveCfg = Release|Win32
		{AB4EA74B-84B3-4ED6-88FA-49151967A19D}.Release|Win32.Build.0 = Release|Win32
		{22A8F7F6-45D1-4C8B-BABC-999CFD177520}.Debug|Win32.ActiveCfg = Debug|Win32
		{22A8F7F6-45D1-4C8B-BABC-999CFD177520}.Debug|Win32.Build.0 = Debug|Win32
		{22A8F7F6-45D1-4C8B-BABC-999CFD177520}.Release|Win32.ActiveCfg = Release|Win32
		{22A8F7F6-45D1-4C8B-BABC-999CFD177520}.Release|Win32.Build.0 = Release|Win32
		{739652B6-6DE1-4EFE-BA3F-1675B801218F}.Debug|Win32.ActiveCfg = Debug|Win32
		{739652B6-6DE1-4EFE-BA3F-1675B801218F}.Debug|Win32.Build.0 = Debug|Win32
		{739652B6-6DE1-4EFE-BA3F-1675B801218F}.Release|Win32.ActiveCfg = Release|Win32
		{739652B6-6DE1-4EFE-BA3F-1675B801218F}.Release|Win32.Build.0 = Release|Win32
		{00693485-BCE3-4FCA-910E-3D2A2099F756}.Debug|Win32.ActiveCfg = Debug|Win32
		{00693485-BCE3-4FCA-910E-3D2A2099F756}.Debug|Win32.Build.0 = Debug|Win32
		{00693485-BCE3-4FCA-910E-3D2A2099F756}.Release|Win32.ActiveCfg = Release|Win32
		{00693485-BCE3-4FCA-910E-3D2A2099F756}.Release|Win32.Build.0 = Release|Win32
		{BD1B38D0-918A-43C1-8A14-B3C334B8F1DA}.Debug|Win32.ActiveCfg = Debug|Win32
		{BD1B38D0-918A-43C1-8A14-B3C334B8F1DA}.Debug|Win32.Build.0 = Debug|Win32
		{BD1B38D0-918A-43C1-8A14-B3C334B8F1DA}.Release|Win32.ActiveCfg = Release|Win32
		{BD1B38D0-918A-43C1-8A14-B3C334B8F1DA}.Release|Win32.Build.0 = Release|Win32
		{AD58749B-0EB1-437E-91DF-1E8AE52605B4}.Debug|Win32.ActiveCfg = Debug|Win32
		{AD58749B-0EB1-437E-91DF-1E8AE52605B4}.Debug|Win32.Build.0 = Debug|Win32
		{AD58749B-0EB1-437E-91DF-1E8AE52605B4}.Release|Win32.ActiveCfg = Release|Win32
		{AD58749B-0EB1-437E-91DF-1E8AE52605B4}.Release|Win32.Build.0 = Release|Win32
		{64616778-30EA-4A2B-AA35-AFE13F2E47AD}.Debug|Win32.ActiveCfg = Debug|Win32
		{64616778-30EA-4A2B-AA35-AFE13F2E47AD}.Debug|Win32.Build.0 = Debug|Win32
		{64616778-30EA-4A2B-AA35-AFE13F2E47AD}.Release|Win32.ActiveCfg = Release|Win32
		{64616778-30EA-4A2B-AA35-AFE13F2E47AD}.Release|Win32.Build.0 = Release|Win32
		{62E04EFE-0599-4441-B01D-F4CA9328386F}.Debug|Win32.ActiveCfg = Debug|Win32
		{62E04EFE-0599-4441-B01D-F4CA9328386F}.Debug|Win32.Build.0 = Debug|Win32
		{62E04EFE-0599-4441-B01D-F4CA9328386F}.Release|Win32.ActiveCfg = Release|Win32
		{62E04EFE-0599-4441-B01D-F4CA9328386F}.Release|Win32.Build.0 = Release|Win32
		{8DFF25C5-503A-46B3-BDCD-C100E58F96C5}.Debug|Win32.ActiveCfg = Debug|Win32
		{8DFF25C5-503A-46B3-BDCD-C100E58F96C5}.Debug|Win32.Build.0 = Debug|Win32
		{8DFF25C5-503A-46B3-BDCD-C100E58F96C5}.Release|Win32.ActiveCfg = Release|Win32
		{8DFF25C5-503A-46B3-BDCD-C100E58F96C5}.Release|Win32.Build.0 = Release|Win32
		{5F61ED77-5C3A-43F0-8BC8-1A84DB703822}.Debug|Win32.ActiveCfg = Debug|Win32
		{5F61ED77-5C3A-43F0-8BC8-1A84DB703822}.Debug|Win32.Build.0 = Debug|Win32
		{5F61ED77-5C3A-43F0-8BC8-1A84DB703822}.Release|Win32.ActiveCfg = Release|Win32
		{5F61ED77-5C3A-43F0-8BC8-1A84DB703822}.Release|Win32.Build.0 = Release|Win32
	EndGlobalSection
	GlobalSection(SolutionProperties) = preSolution
		HideSolutionNode = FALSE
	EndGlobalSection
EndGlobal
